# THIS IS AN AUTOGENERATED FILE. DO NOT EDIT THIS FILE DIRECTLY.
# yarn lockfile v1


jsmidgen@~0.1.4:
  version "0.1.5"
  resolved "https://registry.yarnpkg.com/jsmidgen/-/jsmidgen-0.1.5.tgz#ad0afd6375eb12f51064025393ce3baec380585d"

midi-player-js@^1.1.1:
  version "1.1.1"
  resolved "https://registry.yarnpkg.com/midi-player-js/-/midi-player-js-1.1.1.tgz#75fe408917f04afcbe74d9c06bfaea64dd84dce0"

scribbletune@^0.10.1:
  version "0.10.1"
  resolved "https://registry.yarnpkg.com/scribbletune/-/scribbletune-0.10.1.tgz#082a43b1adfc262515d4cb53ccee958044c39cca"
  dependencies:
    jsmidgen "~0.1.4"
